{
  "name": "Product-Sources",
  "lockfileVersion": 3,
  "requires": true,
  "packages": {
    "": {
      "dependencies": {
        "tegaki": "^0.11.1"
      }
    },
    "node_modules/tegaki": {
      "version": "0.11.1",
      "resolved": "https://registry.npmjs.org/tegaki/-/tegaki-0.11.1.tgz",
      "integrity": "sha512-Ie4SLKcOTNFoRznLLEsAUzRU+xnOkKt/82qbsFdbbMMoVHDwJnpeynrw3b3mu4XsZFSy6G4YiLYF3zlZ8Ot4BA==",
      "license": "MIT",
      "peerDependencies": {
        "react": ">=18",
        "solid-js": ">=1",
        "svelte": ">=5",
        "vue": ">=3"
      },
      "peerDependenciesMeta": {
        "react": {
          "optional": true
        },
        "solid-js": {
          "optional": true
        },
        "svelte": {
          "optional": true
        },
        "vue": {
          "optional": true
        }
      }
    }
  }
}
